
Microsoft Visual Studio Solution File, Format Version 12.00
# Visual Studio Version 16
VisualStudioVersion = 16.0.30804.86
MinimumVisualStudioVersion = 10.0.40219.1
Project("{FAE04EC0-301F-11D3-BF4B-00C04F79EFBC}") = "MVCMusicStore", "MVCMusicStore\MVCMusicStore.csproj", "{DDCC78D8-2318-4231-9614-5FB0EE18F432}"
EndProject
Global
	GlobalSection(SolutionConfigurationPlatforms) = preSolution
		Debug|Any CPU = Debug|Any CPU
		Release|Any CPU = Release|Any CPU
	EndGlobalSection
	GlobalSection(ProjectConfigurationPlatforms) = postSolution
		{DDCC78D8-2318-4231-9614-5FB0EE18F432}.Debug|Any CPU.ActiveCfg = Debug|Any CPU
		{DDCC78D8-2318-4231-9614-5FB0EE18F432}.Debug|Any CPU.Build.0 = Debug|Any CPU
		{DDCC78D8-2318-4231-9614-5FB0EE18F432}.Release|Any CPU.ActiveCfg = Release|Any CPU
		{DDCC78D8-2318-4231-9614-5FB0EE18F432}.Release|Any CPU.Build.0 = Release|Any CPU
	EndGlobalSection
	GlobalSection(SolutionProperties) = preSolution
		HideSolutionNode = FALSE
	EndGlobalSection
	GlobalSection(ExtensibilityGlobals) = postSolution
		SolutionGuid = {434B6255-D823-439A-AD3D-1040EBDAF0B6}
	EndGlobalSection
EndGlobal
